
Microsoft Visual Studio Solution File, Format Version 12.00
# Visual Studio Version 17
VisualStudioVersion = 17.11.35312.102
MinimumVisualStudioVersion = 10.0.40219.1
Project("{FAE04EC0-301F-11D3-BF4B-00C04F79EFBC}") = "WinFormsApp1", "WinFormsApp1\WinFormsApp1.csproj", "{0C85FF16-2EB2-46EA-9A32-C0B74BD9373D}"
EndProject
Global
	GlobalSection(SolutionConfigurationPlatforms) = preSolution
		Debug|Any CPU = Debug|Any CPU
		Release|Any CPU = Release|Any CPU
	EndGlobalSection
	GlobalSection(ProjectConfigurationPlatforms) = postSolution
		{0C85FF16-2EB2-46EA-9A32-C0B74BD9373D}.Debug|Any CPU.ActiveCfg = Debug|Any CPU
		{0C85FF16-2EB2-46EA-9A32-C0B74BD9373D}.Debug|Any CPU.Build.0 = Debug|Any CPU
		{0C85FF16-2EB2-46EA-9A32-C0B74BD9373D}.Release|Any CPU.ActiveCfg = Release|Any CPU
		{0C85FF16-2EB2-46EA-9A32-C0B74BD9373D}.Release|Any CPU.Build.0 = Release|Any CPU
	EndGlobalSection
	GlobalSection(SolutionProperties) = preSolution
		HideSolutionNode = FALSE
	EndGlobalSection
	GlobalSection(ExtensibilityGlobals) = postSolution
		SolutionGuid = {56CD7A30-EC49-4FF7-9F75-236725B1DC6A}
	EndGlobalSection
EndGlobal
