
Microsoft Visual Studio Solution File, Format Version 12.00
# Visual Studio Version 17
VisualStudioVersion = 17.11.35312.102
MinimumVisualStudioVersion = 10.0.40219.1
Project("{FAE04EC0-301F-11D3-BF4B-00C04F79EFBC}") = "lab3.4", "lab3.4\lab3.4.csproj", "{A07E9CDC-78B5-40E7-ABF1-F51AE2B63E79}"
EndProject
Global
	GlobalSection(SolutionConfigurationPlatforms) = preSolution
		Debug|Any CPU = Debug|Any CPU
		Release|Any CPU = Release|Any CPU
	EndGlobalSection
	GlobalSection(ProjectConfigurationPlatforms) = postSolution
		{A07E9CDC-78B5-40E7-ABF1-F51AE2B63E79}.Debug|Any CPU.ActiveCfg = Debug|Any CPU
		{A07E9CDC-78B5-40E7-ABF1-F51AE2B63E79}.Debug|Any CPU.Build.0 = Debug|Any CPU
		{A07E9CDC-78B5-40E7-ABF1-F51AE2B63E79}.Release|Any CPU.ActiveCfg = Release|Any CPU
		{A07E9CDC-78B5-40E7-ABF1-F51AE2B63E79}.Release|Any CPU.Build.0 = Release|Any CPU
	EndGlobalSection
	GlobalSection(SolutionProperties) = preSolution
		HideSolutionNode = FALSE
	EndGlobalSection
	GlobalSection(ExtensibilityGlobals) = postSolution
		SolutionGuid = {2579E8F2-FDEE-4847-8AB9-681F82A56ED6}
	EndGlobalSection
EndGlobal
