
Microsoft Visual Studio Solution File, Format Version 12.00
# Visual Studio Version 17
VisualStudioVersion = 17.9.34622.214
MinimumVisualStudioVersion = 10.0.40219.1
Project("{FAE04EC0-301F-11D3-BF4B-00C04F79EFBC}") = "7.1", "7.1\7.1.csproj", "{C201B5FA-745B-43E6-BD82-A63FD298D65B}"
EndProject
Global
	GlobalSection(SolutionConfigurationPlatforms) = preSolution
		Debug|Any CPU = Debug|Any CPU
		Release|Any CPU = Release|Any CPU
	EndGlobalSection
	GlobalSection(ProjectConfigurationPlatforms) = postSolution
		{C201B5FA-745B-43E6-BD82-A63FD298D65B}.Debug|Any CPU.ActiveCfg = Debug|Any CPU
		{C201B5FA-745B-43E6-BD82-A63FD298D65B}.Debug|Any CPU.Build.0 = Debug|Any CPU
		{C201B5FA-745B-43E6-BD82-A63FD298D65B}.Release|Any CPU.ActiveCfg = Release|Any CPU
		{C201B5FA-745B-43E6-BD82-A63FD298D65B}.Release|Any CPU.Build.0 = Release|Any CPU
	EndGlobalSection
	GlobalSection(SolutionProperties) = preSolution
		HideSolutionNode = FALSE
	EndGlobalSection
	GlobalSection(ExtensibilityGlobals) = postSolution
		SolutionGuid = {5F4DC394-1B64-4CD6-BA18-4CC54CA9F03F}
	EndGlobalSection
EndGlobal
