
Microsoft Visual Studio Solution File, Format Version 12.00
# Visual Studio Version 17
VisualStudioVersion = 17.11.35312.102
MinimumVisualStudioVersion = 10.0.40219.1
Project("{FAE04EC0-301F-11D3-BF4B-00C04F79EFBC}") = "LAB2.2", "LAB2.2\LAB2.2.csproj", "{E5ECE2E5-64CC-49DB-BB8B-45606A3B84F9}"
EndProject
Project("{FAE04EC0-301F-11D3-BF4B-00C04F79EFBC}") = "LAB2.2Tests", "LAB2.2Tests\LAB2.2Tests.csproj", "{F4DD9EE5-4CC5-41BE-A21B-126A8612ECBA}"
EndProject
Global
	GlobalSection(SolutionConfigurationPlatforms) = preSolution
		Debug|Any CPU = Debug|Any CPU
		Release|Any CPU = Release|Any CPU
	EndGlobalSection
	GlobalSection(ProjectConfigurationPlatforms) = postSolution
		{E5ECE2E5-64CC-49DB-BB8B-45606A3B84F9}.Debug|Any CPU.ActiveCfg = Debug|Any CPU
		{E5ECE2E5-64CC-49DB-BB8B-45606A3B84F9}.Debug|Any CPU.Build.0 = Debug|Any CPU
		{E5ECE2E5-64CC-49DB-BB8B-45606A3B84F9}.Release|Any CPU.ActiveCfg = Release|Any CPU
		{E5ECE2E5-64CC-49DB-BB8B-45606A3B84F9}.Release|Any CPU.Build.0 = Release|Any CPU
		{F4DD9EE5-4CC5-41BE-A21B-126A8612ECBA}.Debug|Any CPU.ActiveCfg = Debug|Any CPU
		{F4DD9EE5-4CC5-41BE-A21B-126A8612ECBA}.Debug|Any CPU.Build.0 = Debug|Any CPU
		{F4DD9EE5-4CC5-41BE-A21B-126A8612ECBA}.Release|Any CPU.ActiveCfg = Release|Any CPU
		{F4DD9EE5-4CC5-41BE-A21B-126A8612ECBA}.Release|Any CPU.Build.0 = Release|Any CPU
	EndGlobalSection
	GlobalSection(SolutionProperties) = preSolution
		HideSolutionNode = FALSE
	EndGlobalSection
	GlobalSection(ExtensibilityGlobals) = postSolution
		SolutionGuid = {17063C4A-336E-447E-922B-37319EFB0F4C}
	EndGlobalSection
EndGlobal
